
Microsoft Visual Studio Solution File, Format Version 12.00
# Visual Studio Version 17
VisualStudioVersion = 17.5.33502.453
MinimumVisualStudioVersion = 10.0.40219.1
Project("{9A19103F-16F7-4668-BE54-9A1E7A4F7556}") = "GameStore.Server", "GameStore\Server\GameStore.Server.csproj", "{C79404A8-CCD9-4CED-900C-943B44D850CB}"
EndProject
Project("{9A19103F-16F7-4668-BE54-9A1E7A4F7556}") = "GameStore.Client", "GameStore\Client\GameStore.Client.csproj", "{A2325D8A-D84E-49F0-B06D-77C1321C42A3}"
EndProject
Project("{9A19103F-16F7-4668-BE54-9A1E7A4F7556}") = "GameStore.Shared", "GameStore\Shared\GameStore.Shared.csproj", "{8DAE3718-3879-4F1E-8746-CB5E5ADAADCB}"
EndProject
Project("{9A19103F-16F7-4668-BE54-9A1E7A4F7556}") = "GameStore.DataAccess", "GameStore.DataAccess\GameStore.DataAccess.csproj", "{0594553E-197C-492A-A143-582A8841A91E}"
EndProject
Project("{9A19103F-16F7-4668-BE54-9A1E7A4F7556}") = "GameStore.Service", "GameStore.Service\GameStore.Service.csproj", "{CD07D5BF-CE7E-4D7C-A8E4-534FF9184B0D}"
EndProject
Global
	GlobalSection(SolutionConfigurationPlatforms) = preSolution
		Debug|Any CPU = Debug|Any CPU
		Release|Any CPU = Release|Any CPU
	EndGlobalSection
	GlobalSection(ProjectConfigurationPlatforms) = postSolution
		{C79404A8-CCD9-4CED-900C-943B44D850CB}.Debug|Any CPU.ActiveCfg = Debug|Any CPU
		{C79404A8-CCD9-4CED-900C-943B44D850CB}.Debug|Any CPU.Build.0 = Debug|Any CPU
		{C79404A8-CCD9-4CED-900C-943B44D850CB}.Release|Any CPU.ActiveCfg = Release|Any CPU
		{C79404A8-CCD9-4CED-900C-943B44D850CB}.Release|Any CPU.Build.0 = Release|Any CPU
		{A2325D8A-D84E-49F0-B06D-77C1321C42A3}.Debug|Any CPU.ActiveCfg = Debug|Any CPU
		{A2325D8A-D84E-49F0-B06D-77C1321C42A3}.Debug|Any CPU.Build.0 = Debug|Any CPU
		{A2325D8A-D84E-49F0-B06D-77C1321C42A3}.Release|Any CPU.ActiveCfg = Release|Any CPU
		{A2325D8A-D84E-49F0-B06D-77C1321C42A3}.Release|Any CPU.Build.0 = Release|Any CPU
		{8DAE3718-3879-4F1E-8746-CB5E5ADAADCB}.Debug|Any CPU.ActiveCfg = Debug|Any CPU
		{8DAE3718-3879-4F1E-8746-CB5E5ADAADCB}.Debug|Any CPU.Build.0 = Debug|Any CPU
		{8DAE3718-3879-4F1E-8746-CB5E5ADAADCB}.Release|Any CPU.ActiveCfg = Release|Any CPU
		{8DAE3718-3879-4F1E-8746-CB5E5ADAADCB}.Release|Any CPU.Build.0 = Release|Any CPU
		{0594553E-197C-492A-A143-582A8841A91E}.Debug|Any CPU.ActiveCfg = Debug|Any CPU
		{0594553E-197C-492A-A143-582A8841A91E}.Debug|Any CPU.Build.0 = Debug|Any CPU
		{0594553E-197C-492A-A143-582A8841A91E}.Release|Any CPU.ActiveCfg = Release|Any CPU
		{0594553E-197C-492A-A143-582A8841A91E}.Release|Any CPU.Build.0 = Release|Any CPU
		{CD07D5BF-CE7E-4D7C-A8E4-534FF9184B0D}.Debug|Any CPU.ActiveCfg = Debug|Any CPU
		{CD07D5BF-CE7E-4D7C-A8E4-534FF9184B0D}.Debug|Any CPU.Build.0 = Debug|Any CPU
		{CD07D5BF-CE7E-4D7C-A8E4-534FF9184B0D}.Release|Any CPU.ActiveCfg = Release|Any CPU
		{CD07D5BF-CE7E-4D7C-A8E4-534FF9184B0D}.Release|Any CPU.Build.0 = Release|Any CPU
	EndGlobalSection
	GlobalSection(SolutionProperties) = preSolution
		HideSolutionNode = FALSE
	EndGlobalSection
	GlobalSection(ExtensibilityGlobals) = postSolution
		SolutionGuid = {AD9F63DD-4067-47E3-AD6A-E59E89672008}
	EndGlobalSection
EndGlobal
